
Microsoft Visual Studio Solution File, Format Version 12.00
# Visual Studio Version 16
VisualStudioVersion = 16.0.29306.81
MinimumVisualStudioVersion = 10.0.40219.1
Project("{8BC9CEB8-8B4A-11D0-8D11-00A0C91BC942}") = "Lab6Ques6", "Lab6Ques6\Lab6Ques6.vcxproj", "{5C65DE85-F25D-440B-AA88-DC5C58688B43}"
EndProject
Global
	GlobalSection(SolutionConfigurationPlatforms) = preSolution
		Debug|x64 = Debug|x64
		Debug|x86 = Debug|x86
		Release|x64 = Release|x64
		Release|x86 = Release|x86
	EndGlobalSection
	GlobalSection(ProjectConfigurationPlatforms) = postSolution
		{5C65DE85-F25D-440B-AA88-DC5C58688B43}.Debug|x64.ActiveCfg = Debug|x64
		{5C65DE85-F25D-440B-AA88-DC5C58688B43}.Debug|x64.Build.0 = Debug|x64
		{5C65DE85-F25D-440B-AA88-DC5C58688B43}.Debug|x86.ActiveCfg = Debug|Win32
		{5C65DE85-F25D-440B-AA88-DC5C58688B43}.Debug|x86.Build.0 = Debug|Win32
		{5C65DE85-F25D-440B-AA88-DC5C58688B43}.Release|x64.ActiveCfg = Release|x64
		{5C65DE85-F25D-440B-AA88-DC5C58688B43}.Release|x64.Build.0 = Release|x64
		{5C65DE85-F25D-440B-AA88-DC5C58688B43}.Release|x86.ActiveCfg = Release|Win32
		{5C65DE85-F25D-440B-AA88-DC5C58688B43}.Release|x86.Build.0 = Release|Win32
	EndGlobalSection
	GlobalSection(SolutionProperties) = preSolution
		HideSolutionNode = FALSE
	EndGlobalSection
	GlobalSection(ExtensibilityGlobals) = postSolution
		SolutionGuid = {2B3C460A-D4C4-49E2-893D-A406646150C3}
	EndGlobalSection
EndGlobal
